{
  "requires": true,
  "lockfileVersion": 1,
  "dependencies": {
    "stopwords-el": {
      "version": "0.4.0",
      "resolved": "https://registry.npmjs.org/stopwords-el/-/stopwords-el-0.4.0.tgz",
      "integrity": "sha512-x7nZdpXYUPxIKh9SOidJKnu+v5JKh3QmPM2Yf2e/GmEJMYNpKfVuxBUR4eUKU8i/Yw0M7pSqN7iznb80+TqQBw=="
    }
  }
}
